// !$*UTF8*$!
{
	archiveVersion = 1;
	classes = {
	};
	objectVersion = 56;
	objects = {

/* Begin PBXBuildFile section */
		84616C5A2CF5A3BB001E1DB3 /* AppDelegate.swift in Sources */ = {isa = PBXBuildFile; fileRef = 84616C592CF5A3BB001E1DB3 /* AppDelegate.swift */; };
		84616C5E2CF5A3BB001E1DB3 /* ViewController.swift in Sources */ = {isa = PBXBuildFile; fileRef = 84616C5D2CF5A3BB001E1DB3 /* ViewController.swift */; };
		84616C612CF5A3BB001E1DB3 /* Base in Resources */ = {isa = PBXBuildFile; fileRef = 84616C602CF5A3BB001E1DB3 /* Base */; };
		84616C632CF5A3BD001E1DB3 /* Assets.xcassets in Resources */ = {isa = PBXBuildFile; fileRef = 84616C622CF5A3BD001E1DB3 /* Assets.xcassets */; };
		84616C662CF5A3BD001E1DB3 /* Base in Resources */ = {isa = PBXBuildFile; fileRef = 84616C652CF5A3BD001E1DB3 /* Base */; };
		84616C712CF5A3BD001E1DB3 /* IOU_testTests.swift in Sources */ = {isa = PBXBuildFile; fileRef = 84616C702CF5A3BD001E1DB3 /* IOU_testTests.swift */; };
		84616C7B2CF5A3BD001E1DB3 /* IOU_testUITests.swift in Sources */ = {isa = PBXBuildFile; fileRef = 84616C7A2CF5A3BD001E1DB3 /* IOU_testUITests.swift */; };
		84616C7D2CF5A3BD001E1DB3 /* IOU_testUITestsLaunchTests.swift in Sources */ = {isa = PBXBuildFile; fileRef = 84616C7C2CF5A3BD001E1DB3 /* IOU_testUITestsLaunchTests.swift */; };
		84616C8C2CF5B47B001E1DB3 /* MediaPermission.swift in Sources */ = {isa = PBXBuildFile; fileRef = 84616C8B2CF5B47B001E1DB3 /* MediaPermission.swift */; };
		84616C8E2CF5F070001E1DB3 /* RecordingViewController.swift in Sources */ = {isa = PBXBuildFile; fileRef = 84616C8D2CF5F070001E1DB3 /* RecordingViewController.swift */; };
/* End PBXBuildFile section */

/* Begin PBXContainerItemProxy section */
		84616C6D2CF5A3BD001E1DB3 /* PBXContainerItemProxy */ = {
			isa = PBXContainerItemProxy;
			containerPortal = 84616C4E2CF5A3BB001E1DB3 /* Project object */;
			proxyType = 1;
			remoteGlobalIDString = 84616C552CF5A3BB001E1DB3;
			remoteInfo = "IOU test";
		};
		84616C772CF5A3BD001E1DB3 /* PBXContainerItemProxy */ = {
			isa = PBXContainerItemProxy;
			containerPortal = 84616C4E2CF5A3BB001E1DB3 /* Project object */;
			proxyType = 1;
			remoteGlobalIDString = 84616C552CF5A3BB001E1DB3;
			remoteInfo = "IOU test";
		};
/* End PBXContainerItemProxy section */

/* Begin PBXFileReference section */
		84616C562CF5A3BB001E1DB3 /* IOU test.app */ = {isa = PBXFileReference; explicitFileType = wrapper.application; includeInIndex = 0; path = "IOU test.app"; sourceTree = BUILT_PRODUCTS_DIR; };
		84616C592CF5A3BB001E1DB3 /* AppDelegate.swift */ = {isa = PBXFileReference; lastKnownFileType = sourcecode.swift; path = AppDelegate.swift; sourceTree = "<group>"; };
		84616C5D2CF5A3BB001E1DB3 /* ViewController.swift */ = {isa = PBXFileReference; lastKnownFileType = sourcecode.swift; path = ViewController.swift; sourceTree = "<group>"; };
		84616C602CF5A3BB001E1DB3 /* Base */ = {isa = PBXFileReference; lastKnownFileType = file.storyboard; name = Base; path = Base.lproj/Main.storyboard; sourceTree = "<group>"; };
		84616C622CF5A3BD001E1DB3 /* Assets.xcassets */ = {isa = PBXFileReference; lastKnownFileType = folder.assetcatalog; path = Assets.xcassets; sourceTree = "<group>"; };
		84616C652CF5A3BD001E1DB3 /* Base */ = {isa = PBXFileReference; lastKnownFileType = file.storyboard; name = Base; path = Base.lproj/LaunchScreen.storyboard; sourceTree = "<group>"; };
		84616C672CF5A3BD001E1DB3 /* Info.plist */ = {isa = PBXFileReference; lastKnownFileType = text.plist.xml; path = Info.plist; sourceTree = "<group>"; };
		84616C6C2CF5A3BD001E1DB3 /* IOU testTests.xctest */ = {isa = PBXFileReference; explicitFileType = wrapper.cfbundle; includeInIndex = 0; path = "IOU testTests.xctest"; sourceTree = BUILT_PRODUCTS_DIR; };
		84616C702CF5A3BD001E1DB3 /* IOU_testTests.swift */ = {isa = PBXFileReference; lastKnownFileType = sourcecode.swift; path = IOU_testTests.swift; sourceTree = "<group>"; };
		84616C762CF5A3BD001E1DB3 /* IOU testUITests.xctest */ = {isa = PBXFileReference; explicitFileType = wrapper.cfbundle; includeInIndex = 0; path = "IOU testUITests.xctest"; sourceTree = BUILT_PRODUCTS_DIR; };
		84616C7A2CF5A3BD001E1DB3 /* IOU_testUITests.swift */ = {isa = PBXFileReference; lastKnownFileType = sourcecode.swift; path = IOU_testUITests.swift; sourceTree = "<group>"; };
		84616C7C2CF5A3BD001E1DB3 /* IOU_testUITestsLaunchTests.swift */ = {isa = PBXFileReference; lastKnownFileType = sourcecode.swift; path = IOU_testUITestsLaunchTests.swift; sourceTree = "<group>"; };
		84616C8B2CF5B47B001E1DB3 /* MediaPermission.swift */ = {isa = PBXFileReference; lastKnownFileType = sourcecode.swift; path = MediaPermission.swift; sourceTree = "<group>"; };
		84616C8D2CF5F070001E1DB3 /* RecordingViewController.swift */ = {isa = PBXFileReference; lastKnownFileType = sourcecode.swift; path = RecordingViewController.swift; sourceTree = "<group>"; };
/* End PBXFileReference section */

/* Begin PBXFrameworksBuildPhase section */
		84616C532CF5A3BB001E1DB3 /* Frameworks */ = {
			isa = PBXFrameworksBuildPhase;
			buildActionMask = 2147483647;
			files = (
			);
			runOnlyForDeploymentPostprocessing = 0;
		};
		84616C692CF5A3BD001E1DB3 /* Frameworks */ = {
			isa = PBXFrameworksBuildPhase;
			buildActionMask = 2147483647;
			files = (
			);
			runOnlyForDeploymentPostprocessing = 0;
		};
		84616C732CF5A3BD001E1DB3 /* Frameworks */ = {
			isa = PBXFrameworksBuildPhase;
			buildActionMask = 2147483647;
			files = (
			);
			runOnlyForDeploymentPostprocessing = 0;
		};
/* End PBXFrameworksBuildPhase section */

/* Begin PBXGroup section */
		84616C4D2CF5A3BB001E1DB3 = {
			isa = PBXGroup;
			children = (
				84616C582CF5A3BB001E1DB3 /* IOU test */,
				84616C6F2CF5A3BD001E1DB3 /* IOU testTests */,
				84616C792CF5A3BD001E1DB3 /* IOU testUITests */,
				84616C572CF5A3BB001E1DB3 /* Products */,
			);
			sourceTree = "<group>";
		};
		84616C572CF5A3BB001E1DB3 /* Products */ = {
			isa = PBXGroup;
			children = (
				84616C562CF5A3BB001E1DB3 /* IOU test.app */,
				84616C6C2CF5A3BD001E1DB3 /* IOU testTests.xctest */,
				84616C762CF5A3BD001E1DB3 /* IOU testUITests.xctest */,
			);
			name = Products;
			sourceTree = "<group>";
		};
		84616C582CF5A3BB001E1DB3 /* IOU test */ = {
			isa = PBXGroup;
			children = (
				84616C592CF5A3BB001E1DB3 /* AppDelegate.swift */,
				84616C5F2CF5A3BB001E1DB3 /* Main.storyboard */,
				84616C622CF5A3BD001E1DB3 /* Assets.xcassets */,
				84616C642CF5A3BD001E1DB3 /* LaunchScreen.storyboard */,
				84616C672CF5A3BD001E1DB3 /* Info.plist */,
				84616C8B2CF5B47B001E1DB3 /* MediaPermission.swift */,
				84616C5D2CF5A3BB001E1DB3 /* ViewController.swift */,
				84616C8D2CF5F070001E1DB3 /* RecordingViewController.swift */,
			);
			path = "IOU test";
			sourceTree = "<group>";
		};
		84616C6F2CF5A3BD001E1DB3 /* IOU testTests */ = {
			isa = PBXGroup;
			children = (
				84616C702CF5A3BD001E1DB3 /* IOU_testTests.swift */,
			);
			path = "IOU testTests";
			sourceTree = "<group>";
		};
		84616C792CF5A3BD001E1DB3 /* IOU testUITests */ = {
			isa = PBXGroup;
			children = (
				84616C7A2CF5A3BD001E1DB3 /* IOU_testUITests.swift */,
				84616C7C2CF5A3BD001E1DB3 /* IOU_testUITestsLaunchTests.swift */,
			);
			path = "IOU testUITests";
			sourceTree = "<group>";
		};
/* End PBXGroup section */

/* Begin PBXNativeTarget section */
		84616C552CF5A3BB001E1DB3 /* IOU test */ = {
			isa = PBXNativeTarget;
			buildConfigurationList = 84616C802CF5A3BD001E1DB3 /* Build configuration list for PBXNativeTarget "IOU test" */;
			buildPhases = (
				84616C522CF5A3BB001E1DB3 /* Sources */,
				84616C532CF5A3BB001E1DB3 /* Frameworks */,
				84616C542CF5A3BB001E1DB3 /* Resources */,
			);
			buildRules = (
			);
			dependencies = (
			);
			name = "IOU test";
			productName = "IOU test";
			productReference = 84616C562CF5A3BB001E1DB3 /* IOU test.app */;
			productType = "com.apple.product-type.application";
		};
		84616C6B2CF5A3BD001E1DB3 /* IOU testTests */ = {
			isa = PBXNativeTarget;
			buildConfigurationList = 84616C832CF5A3BD001E1DB3 /* Build configuration list for PBXNativeTarget "IOU testTests" */;
			buildPhases = (
				84616C682CF5A3BD001E1DB3 /* Sources */,
				84616C692CF5A3BD001E1DB3 /* Frameworks */,
				84616C6A2CF5A3BD001E1DB3 /* Resources */,
			);
			buildRules = (
			);
			dependencies = (
				84616C6E2CF5A3BD001E1DB3 /* PBXTargetDependency */,
			);
			name = "IOU testTests";
			productName = "IOU testTests";
			productReference = 84616C6C2CF5A3BD001E1DB3 /* IOU testTests.xctest */;
			productType = "com.apple.product-type.bundle.unit-test";
		};
		84616C752CF5A3BD001E1DB3 /* IOU testUITests */ = {
			isa = PBXNativeTarget;
			buildConfigurationList = 84616C862CF5A3BD001E1DB3 /* Build configuration list for PBXNativeTarget "IOU testUITests" */;
			buildPhases = (
				84616C722CF5A3BD001E1DB3 /* Sources */,
				84616C732CF5A3BD001E1DB3 /* Frameworks */,
				84616C742CF5A3BD001E1DB3 /* Resources */,
			);
			buildRules = (
			);
			dependencies = (
				84616C782CF5A3BD001E1DB3 /* PBXTargetDependency */,
			);
			name = "IOU testUITests";
			productName = "IOU testUITests";
			productReference = 84616C762CF5A3BD001E1DB3 /* IOU testUITests.xctest */;
			productType = "com.apple.product-type.bundle.ui-testing";
		};
/* End PBXNativeTarget section */

/* Begin PBXProject section */
		84616C4E2CF5A3BB001E1DB3 /* Project object */ = {
			isa = PBXProject;
			attributes = {
				BuildIndependentTargetsInParallel = 1;
				LastSwiftUpdateCheck = 1540;
				LastUpgradeCheck = 1540;
				TargetAttributes = {
					84616C552CF5A3BB001E1DB3 = {
						CreatedOnToolsVersion = 15.4;
					};
					84616C6B2CF5A3BD001E1DB3 = {
						CreatedOnToolsVersion = 15.4;
						TestTargetID = 84616C552CF5A3BB001E1DB3;
					};
					84616C752CF5A3BD001E1DB3 = {
						CreatedOnToolsVersion = 15.4;
						TestTargetID = 84616C552CF5A3BB001E1DB3;
					};
				};
			};
			buildConfigurationList = 84616C512CF5A3BB001E1DB3 /* Build configuration list for PBXProject "IOU test" */;
			compatibilityVersion = "Xcode 14.0";
			developmentRegion = en;
			hasScannedForEncodings = 0;
			knownRegions = (
				en,
				Base,
			);
			mainGroup = 84616C4D2CF5A3BB001E1DB3;
			productRefGroup = 84616C572CF5A3BB001E1DB3 /* Products */;
			projectDirPath = "";
			projectRoot = "";
			targets = (
				84616C552CF5A3BB001E1DB3 /* IOU test */,
				84616C6B2CF5A3BD001E1DB3 /* IOU testTests */,
				84616C752CF5A3BD001E1DB3 /* IOU testUITests */,
			);
		};
/* End PBXProject section */

/* Begin PBXResourcesBuildPhase section */
		84616C542CF5A3BB001E1DB3 /* Resources */ = {
			isa = PBXResourcesBuildPhase;
			buildActionMask = 2147483647;
			files = (
				84616C632CF5A3BD001E1DB3 /* Assets.xcassets in Resources */,
				84616C662CF5A3BD001E1DB3 /* Base in Resources */,
				84616C612CF5A3BB001E1DB3 /* Base in Resources */,
			);
			runOnlyForDeploymentPostprocessing = 0;
		};
		84616C6A2CF5A3BD001E1DB3 /* Resources */ = {
			isa = PBXResourcesBuildPhase;
			buildActionMask = 2147483647;
			files = (
			);
			runOnlyForDeploymentPostprocessing = 0;
		};
		84616C742CF5A3BD001E1DB3 /* Resources */ = {
			isa = PBXResourcesBuildPhase;
			buildActionMask = 2147483647;
			files = (
			);
			runOnlyForDeploymentPostprocessing = 0;
		};
/* End PBXResourcesBuildPhase section */

/* Begin PBXSourcesBuildPhase section */
		84616C522CF5A3BB001E1DB3 /* Sources */ = {
			isa = PBXSourcesBuildPhase;
			buildActionMask = 2147483647;
			files = (
				84616C5E2CF5A3BB001E1DB3 /* ViewController.swift in Sources */,
				84616C8E2CF5F070001E1DB3 /* RecordingViewController.swift in Sources */,
				84616C5A2CF5A3BB001E1DB3 /* AppDelegate.swift in Sources */,
				84616C8C2CF5B47B001E1DB3 /* MediaPermission.swift in Sources */,
			);
			runOnlyForDeploymentPostprocessing = 0;
		};
		84616C682CF5A3BD001E1DB3 /* Sources */ = {
			isa = PBXSourcesBuildPhase;
			buildActionMask = 2147483647;
			files = (
				84616C712CF5A3BD001E1DB3 /* IOU_testTests.swift in Sources */,
			);
			runOnlyForDeploymentPostprocessing = 0;
		};
		84616C722CF5A3BD001E1DB3 /* Sources */ = {
			isa = PBXSourcesBuildPhase;
			buildActionMask = 2147483647;
			files = (
				84616C7D2CF5A3BD001E1DB3 /* IOU_testUITestsLaunchTests.swift in Sources */,
				84616C7B2CF5A3BD001E1DB3 /* IOU_testUITests.swift in Sources */,
			);
			runOnlyForDeploymentPostprocessing = 0;
		};
/* End PBXSourcesBuildPhase section */

/* Begin PBXTargetDependency section */
		84616C6E2CF5A3BD001E1DB3 /* PBXTargetDependency */ = {
			isa = PBXTargetDependency;
			target = 84616C552CF5A3BB001E1DB3 /* IOU test */;
			targetProxy = 84616C6D2CF5A3BD001E1DB3 /* PBXContainerItemProxy */;
		};
		84616C782CF5A3BD001E1DB3 /* PBXTargetDependency */ = {
			isa = PBXTargetDependency;
			target = 84616C552CF5A3BB001E1DB3 /* IOU test */;
			targetProxy = 84616C772CF5A3BD001E1DB3 /* PBXContainerItemProxy */;
		};
/* End PBXTargetDependency section */

/* Begin PBXVariantGroup section */
		84616C5F2CF5A3BB001E1DB3 /* Main.storyboard */ = {
			isa = PBXVariantGroup;
			children = (
				84616C602CF5A3BB001E1DB3 /* Base */,
			);
			name = Main.storyboard;
			sourceTree = "<group>";
		};
		84616C642CF5A3BD001E1DB3 /* LaunchScreen.storyboard */ = {
			isa = PBXVariantGroup;
			children = (
				84616C652CF5A3BD001E1DB3 /* Base */,
			);
			name = LaunchScreen.storyboard;
			sourceTree = "<group>";
		};
/* End PBXVariantGroup section */

/* Begin XCBuildConfiguration section */
		84616C7E2CF5A3BD001E1DB3 /* Debug */ = {
			isa = XCBuildConfiguration;
			buildSettings = {
				ALWAYS_SEARCH_USER_PATHS = NO;
				ASSETCATALOG_COMPILER_GENERATE_SWIFT_ASSET_SYMBOL_EXTENSIONS = YES;
				CLANG_ANALYZER_NONNULL = YES;
				CLANG_ANALYZER_NUMBER_OBJECT_CONVERSION = YES_AGGRESSIVE;
				CLANG_CXX_LANGUAGE_STANDARD = "gnu++20";
				CLANG_ENABLE_MODULES = YES;
				CLANG_ENABLE_OBJC_ARC = YES;
				CLANG_ENABLE_OBJC_WEAK = YES;
				CLANG_WARN_BLOCK_CAPTURE_AUTORELEASING = YES;
				CLANG_WARN_BOOL_CONVERSION = YES;
				CLANG_WARN_COMMA = YES;
				CLANG_WARN_CONSTANT_CONVERSION = YES;
				CLANG_WARN_DEPRECATED_OBJC_IMPLEMENTATIONS = YES;
				CLANG_WARN_DIRECT_OBJC_ISA_USAGE = YES_ERROR;
				CLANG_WARN_DOCUMENTATION_COMMENTS = YES;
				CLANG_WARN_EMPTY_BODY = YES;
				CLANG_WARN_ENUM_CONVERSION = YES;
				CLANG_WARN_INFINITE_RECURSION = YES;
				CLANG_WARN_INT_CONVERSION = YES;
				CLANG_WARN_NON_LITERAL_NULL_CONVERSION = YES;
				CLANG_WARN_OBJC_IMPLICIT_RETAIN_SELF = YES;
				CLANG_WARN_OBJC_LITERAL_CONVERSION = YES;
				CLANG_WARN_OBJC_ROOT_CLASS = YES_ERROR;
				CLANG_WARN_QUOTED_INCLUDE_IN_FRAMEWORK_HEADER = YES;
				CLANG_WARN_RANGE_LOOP_ANALYSIS = YES;
				CLANG_WARN_STRICT_PROTOTYPES = YES;
				CLANG_WARN_SUSPICIOUS_MOVE = YES;
				CLANG_WARN_UNGUARDED_AVAILABILITY = YES_AGGRESSIVE;
				CLANG_WARN_UNREACHABLE_CODE = YES;
				CLANG_WARN__DUPLICATE_METHOD_MATCH = YES;
				COPY_PHASE_STRIP = NO;
				DEBUG_INFORMATION_FORMAT = dwarf;
				ENABLE_STRICT_OBJC_MSGSEND = YES;
				ENABLE_TESTABILITY = YES;
				ENABLE_USER_SCRIPT_SANDBOXING = YES;
				GCC_C_LANGUAGE_STANDARD = gnu17;
				GCC_DYNAMIC_NO_PIC = NO;
				GCC_NO_COMMON_BLOCKS = YES;
				GCC_OPTIMIZATION_LEVEL = 0;
				GCC_PREPROCESSOR_DEFINITIONS = (
					"DEBUG=1",
					"$(inherited)",
				);
				GCC_WARN_64_TO_32_BIT_CONVERSION = YES;
				GCC_WARN_ABOUT_RETURN_TYPE = YES_ERROR;
				GCC_WARN_UNDECLARED_SELECTOR = YES;
				GCC_WARN_UNINITIALIZED_AUTOS = YES_AGGRESSIVE;
				GCC_WARN_UNUSED_FUNCTION = YES;
				GCC_WARN_UNUSED_VARIABLE = YES;
				IPHONEOS_DEPLOYMENT_TARGET = 17.5;
				LOCALIZATION_PREFERS_STRING_CATALOGS = YES;
				MTL_ENABLE_DEBUG_INFO = INCLUDE_SOURCE;
				MTL_FAST_MATH = YES;
				ONLY_ACTIVE_ARCH = YES;
				SDKROOT = iphoneos;
				SWIFT_ACTIVE_COMPILATION_CONDITIONS = "DEBUG $(inherited)";
				SWIFT_OPTIMIZATION_LEVEL = "-Onone";
			};
			name = Debug;
		};
		84616C7F2CF5A3BD001E1DB3 /* Release */ = {
			isa = XCBuildConfiguration;
			buildSettings = {
				ALWAYS_SEARCH_USER_PATHS = NO;
				ASSETCATALOG_COMPILER_GENERATE_SWIFT_ASSET_SYMBOL_EXTENSIONS = YES;
				CLANG_ANALYZER_NONNULL = YES;
				CLANG_ANALYZER_NUMBER_OBJECT_CONVERSION = YES_AGGRESSIVE;
				CLANG_CXX_LANGUAGE_STANDARD = "gnu++20";
				CLANG_ENABLE_MODULES = YES;
				CLANG_ENABLE_OBJC_ARC = YES;
				CLANG_ENABLE_OBJC_WEAK = YES;
				CLANG_WARN_BLOCK_CAPTURE_AUTORELEASING = YES;
				CLANG_WARN_BOOL_CONVERSION = YES;
				CLANG_WARN_COMMA = YES;
				CLANG_WARN_CONSTANT_CONVERSION = YES;
				CLANG_WARN_DEPRECATED_OBJC_IMPLEMENTATIONS = YES;
				CLANG_WARN_DIRECT_OBJC_ISA_USAGE = YES_ERROR;
				CLANG_WARN_DOCUMENTATION_COMMENTS = YES;
				CLANG_WARN_EMPTY_BODY = YES;
				CLANG_WARN_ENUM_CONVERSION = YES;
				CLANG_WARN_INFINITE_RECURSION = YES;
				CLANG_WARN_INT_CONVERSION = YES;
				CLANG_WARN_NON_LITERAL_NULL_CONVERSION = YES;
				CLANG_WARN_OBJC_IMPLICIT_RETAIN_SELF = YES;
				CLANG_WARN_OBJC_LITERAL_CONVERSION = YES;
				CLANG_WARN_OBJC_ROOT_CLASS = YES_ERROR;
				CLANG_WARN_QUOTED_INCLUDE_IN_FRAMEWORK_HEADER = YES;
				CLANG_WARN_RANGE_LOOP_ANALYSIS = YES;
				CLANG_WARN_STRICT_PROTOTYPES = YES;
				CLANG_WARN_SUSPICIOUS_MOVE = YES;
				CLANG_WARN_UNGUARDED_AVAILABILITY = YES_AGGRESSIVE;
				CLANG_WARN_UNREACHABLE_CODE = YES;
				CLANG_WARN__DUPLICATE_METHOD_MATCH = YES;
				COPY_PHASE_STRIP = NO;
				DEBUG_INFORMATION_FORMAT = "dwarf-with-dsym";
				ENABLE_NS_ASSERTIONS = NO;
				ENABLE_STRICT_OBJC_MSGSEND = YES;
				ENABLE_USER_SCRIPT_SANDBOXING = YES;
				GCC_C_LANGUAGE_STANDARD = gnu17;
				GCC_NO_COMMON_BLOCKS = YES;
				GCC_WARN_64_TO_32_BIT_CONVERSION = YES;
				GCC_WARN_ABOUT_RETURN_TYPE = YES_ERROR;
				GCC_WARN_UNDECLARED_SELECTOR = YES;
				GCC_WARN_UNINITIALIZED_AUTOS = YES_AGGRESSIVE;
				GCC_WARN_UNUSED_FUNCTION = YES;
				GCC_WARN_UNUSED_VARIABLE = YES;
				IPHONEOS_DEPLOYMENT_TARGET = 17.5;
				LOCALIZATION_PREFERS_STRING_CATALOGS = YES;
				MTL_ENABLE_DEBUG_INFO = NO;
				MTL_FAST_MATH = YES;
				SDKROOT = iphoneos;
				SWIFT_COMPILATION_MODE = wholemodule;
				VALIDATE_PRODUCT = YES;
			};
			name = Release;
		};
		84616C812CF5A3BD001E1DB3 /* Debug */ = {
			isa = XCBuildConfiguration;
			buildSettings = {
				ASSETCATALOG_COMPILER_APPICON_NAME = AppIcon;
				ASSETCATALOG_COMPILER_GLOBAL_ACCENT_COLOR_NAME = AccentColor;
				CODE_SIGN_STYLE = Automatic;
				CURRENT_PROJECT_VERSION = 1;
				DEVELOPMENT_TEAM = K6FZYUHLAF;
				GENERATE_INFOPLIST_FILE = YES;
				INFOPLIST_FILE = "IOU test/Info.plist";
				INFOPLIST_KEY_UIApplicationSupportsIndirectInputEvents = YES;
				INFOPLIST_KEY_UILaunchStoryboardName = LaunchScreen;
				INFOPLIST_KEY_UIMainStoryboardFile = Main;
				INFOPLIST_KEY_UISupportedInterfaceOrientations_iPad = "UIInterfaceOrientationPortrait UIInterfaceOrientationPortraitUpsideDown UIInterfaceOrientationLandscapeLeft UIInterfaceOrientationLandscapeRight";
				INFOPLIST_KEY_UISupportedInterfaceOrientations_iPhone = "UIInterfaceOrientationPortrait UIInterfaceOrientationLandscapeLeft UIInterfaceOrientationLandscapeRight";
				LD_RUNPATH_SEARCH_PATHS = (
					"$(inherited)",
					"@executable_path/Frameworks",
				);
				MARKETING_VERSION = 1.0;
				PRODUCT_BUNDLE_IDENTIFIER = "com.flam.arapp.IOU-test";
				PRODUCT_NAME = "$(TARGET_NAME)";
				SWIFT_EMIT_LOC_STRINGS = YES;
				SWIFT_VERSION = 5.0;
				TARGETED_DEVICE_FAMILY = "1,2";
			};
			name = Debug;
		};
		84616C822CF5A3BD001E1DB3 /* Release */ = {
			isa = XCBuildConfiguration;
			buildSettings = {
				ASSETCATALOG_COMPILER_APPICON_NAME = AppIcon;
				ASSETCATALOG_COMPILER_GLOBAL_ACCENT_COLOR_NAME = AccentColor;
				CODE_SIGN_STYLE = Automatic;
				CURRENT_PROJECT_VERSION = 1;
				DEVELOPMENT_TEAM = K6FZYUHLAF;
				GENERATE_INFOPLIST_FILE = YES;
				INFOPLIST_FILE = "IOU test/Info.plist";
				INFOPLIST_KEY_UIApplicationSupportsIndirectInputEvents = YES;
				INFOPLIST_KEY_UILaunchStoryboardName = LaunchScreen;
				INFOPLIST_KEY_UIMainStoryboardFile = Main;
				INFOPLIST_KEY_UISupportedInterfaceOrientations_iPad = "UIInterfaceOrientationPortrait UIInterfaceOrientationPortraitUpsideDown UIInterfaceOrientationLandscapeLeft UIInterfaceOrientationLandscapeRight";
				INFOPLIST_KEY_UISupportedInterfaceOrientations_iPhone = "UIInterfaceOrientationPortrait UIInterfaceOrientationLandscapeLeft UIInterfaceOrientationLandscapeRight";
				LD_RUNPATH_SEARCH_PATHS = (
					"$(inherited)",
					"@executable_path/Frameworks",
				);
				MARKETING_VERSION = 1.0;
				PRODUCT_BUNDLE_IDENTIFIER = "com.flam.arapp.IOU-test";
				PRODUCT_NAME = "$(TARGET_NAME)";
				SWIFT_EMIT_LOC_STRINGS = YES;
				SWIFT_VERSION = 5.0;
				TARGETED_DEVICE_FAMILY = "1,2";
			};
			name = Release;
		};
		84616C842CF5A3BD001E1DB3 /* Debug */ = {
			isa = XCBuildConfiguration;
			buildSettings = {
				ALWAYS_EMBED_SWIFT_STANDARD_LIBRARIES = YES;
				BUNDLE_LOADER = "$(TEST_HOST)";
				CODE_SIGN_STYLE = Automatic;
				CURRENT_PROJECT_VERSION = 1;
				DEVELOPMENT_TEAM = K6FZYUHLAF;
				GENERATE_INFOPLIST_FILE = YES;
				IPHONEOS_DEPLOYMENT_TARGET = 17.5;
				MARKETING_VERSION = 1.0;
				PRODUCT_BUNDLE_IDENTIFIER = "com.flam.arapp.IOU-testTests";
				PRODUCT_NAME = "$(TARGET_NAME)";
				SWIFT_EMIT_LOC_STRINGS = NO;
				SWIFT_VERSION = 5.0;
				TARGETED_DEVICE_FAMILY = "1,2";
				TEST_HOST = "$(BUILT_PRODUCTS_DIR)/IOU test.app/$(BUNDLE_EXECUTABLE_FOLDER_PATH)/IOU test";
			};
			name = Debug;
		};
		84616C852CF5A3BD001E1DB3 /* Release */ = {
			isa = XCBuildConfiguration;
			buildSettings = {
				ALWAYS_EMBED_SWIFT_STANDARD_LIBRARIES = YES;
				BUNDLE_LOADER = "$(TEST_HOST)";
				CODE_SIGN_STYLE = Automatic;
				CURRENT_PROJECT_VERSION = 1;
				DEVELOPMENT_TEAM = K6FZYUHLAF;
				GENERATE_INFOPLIST_FILE = YES;
				IPHONEOS_DEPLOYMENT_TARGET = 17.5;
				MARKETING_VERSION = 1.0;
				PRODUCT_BUNDLE_IDENTIFIER = "com.flam.arapp.IOU-testTests";
				PRODUCT_NAME = "$(TARGET_NAME)";
				SWIFT_EMIT_LOC_STRINGS = NO;
				SWIFT_VERSION = 5.0;
				TARGETED_DEVICE_FAMILY = "1,2";
				TEST_HOST = "$(BUILT_PRODUCTS_DIR)/IOU test.app/$(BUNDLE_EXECUTABLE_FOLDER_PATH)/IOU test";
			};
			name = Release;
		};
		84616C872CF5A3BD001E1DB3 /* Debug */ = {
			isa = XCBuildConfiguration;
			buildSettings = {
				ALWAYS_EMBED_SWIFT_STANDARD_LIBRARIES = YES;
				CODE_SIGN_STYLE = Automatic;
				CURRENT_PROJECT_VERSION = 1;
				DEVELOPMENT_TEAM = K6FZYUHLAF;
				GENERATE_INFOPLIST_FILE = YES;
				MARKETING_VERSION = 1.0;
				PRODUCT_BUNDLE_IDENTIFIER = "com.flam.arapp.IOU-testUITests";
				PRODUCT_NAME = "$(TARGET_NAME)";
				SWIFT_EMIT_LOC_STRINGS = NO;
				SWIFT_VERSION = 5.0;
				TARGETED_DEVICE_FAMILY = "1,2";
				TEST_TARGET_NAME = "IOU test";
			};
			name = Debug;
		};
		84616C882CF5A3BD001E1DB3 /* Release */ = {
			isa = XCBuildConfiguration;
			buildSettings = {
				ALWAYS_EMBED_SWIFT_STANDARD_LIBRARIES = YES;
				CODE_SIGN_STYLE = Automatic;
				CURRENT_PROJECT_VERSION = 1;
				DEVELOPMENT_TEAM = K6FZYUHLAF;
				GENERATE_INFOPLIST_FILE = YES;
				MARKETING_VERSION = 1.0;
				PRODUCT_BUNDLE_IDENTIFIER = "com.flam.arapp.IOU-testUITests";
				PRODUCT_NAME = "$(TARGET_NAME)";
				SWIFT_EMIT_LOC_STRINGS = NO;
				SWIFT_VERSION = 5.0;
				TARGETED_DEVICE_FAMILY = "1,2";
				TEST_TARGET_NAME = "IOU test";
			};
			name = Release;
		};
/* End XCBuildConfiguration section */

/* Begin XCConfigurationList section */
		84616C512CF5A3BB001E1DB3 /* Build configuration list for PBXProject "IOU test" */ = {
			isa = XCConfigurationList;
			buildConfigurations = (
				84616C7E2CF5A3BD001E1DB3 /* Debug */,
				84616C7F2CF5A3BD001E1DB3 /* Release */,
			);
			defaultConfigurationIsVisible = 0;
			defaultConfigurationName = Release;
		};
		84616C802CF5A3BD001E1DB3 /* Build configuration list for PBXNativeTarget "IOU test" */ = {
			isa = XCConfigurationList;
			buildConfigurations = (
				84616C812CF5A3BD001E1DB3 /* Debug */,
				84616C822CF5A3BD001E1DB3 /* Release */,
			);
			defaultConfigurationIsVisible = 0;
			defaultConfigurationName = Release;
		};
		84616C832CF5A3BD001E1DB3 /* Build configuration list for PBXNativeTarget "IOU testTests" */ = {
			isa = XCConfigurationList;
			buildConfigurations = (
				84616C842CF5A3BD001E1DB3 /* Debug */,
				84616C852CF5A3BD001E1DB3 /* Release */,
			);
			defaultConfigurationIsVisible = 0;
			defaultConfigurationName = Release;
		};
		84616C862CF5A3BD001E1DB3 /* Build configuration list for PBXNativeTarget "IOU testUITests" */ = {
			isa = XCConfigurationList;
			buildConfigurations = (
				84616C872CF5A3BD001E1DB3 /* Debug */,
				84616C882CF5A3BD001E1DB3 /* Release */,
			);
			defaultConfigurationIsVisible = 0;
			defaultConfigurationName = Release;
		};
/* End XCConfigurationList section */
	};
	rootObject = 84616C4E2CF5A3BB001E1DB3 /* Project object */;
}
